{
  "name": "WTW-illustrator-script",
  "version": "1.0.0",
  "lockfileVersion": 2,
  "requires": true,
  "packages": {
    "": {
      "version": "1.0.0",
      "license": "ISC",
      "dependencies": {
        "types-for-adobe": "github:pravdomil/types-for-adobe"
      }
    },
    "node_modules/types-for-adobe": {
      "version": "7.0.1",
      "resolved": "git+ssh://git@github.com/pravdomil/types-for-adobe.git#02f4fff8ca1f073364c7aa3cb7e39e8e91aa37b8",
      "license": "MIT"
    }
  },
  "dependencies": {
    "types-for-adobe": {
      "version": "git+ssh://git@github.com/pravdomil/types-for-adobe.git#02f4fff8ca1f073364c7aa3cb7e39e8e91aa37b8",
      "from": "types-for-adobe@github:pravdomil/types-for-adobe"
    }
  }
}
